
Microsoft Visual Studio Solution File, Format Version 12.00
# Visual Studio 15
VisualStudioVersion = 15.0.28307.489
MinimumVisualStudioVersion = 10.0.40219.1
Project("{FAE04EC0-301F-11D3-BF4B-00C04F79EFBC}") = "LinqAssignment", "LinqAssignment\LinqAssignment.csproj", "{F83CC247-0F8A-48D0-81E2-546E856D04BB}"
EndProject
Global
	GlobalSection(SolutionConfigurationPlatforms) = preSolution
		Debug|Any CPU = Debug|Any CPU
		Release|Any CPU = Release|Any CPU
	EndGlobalSection
	GlobalSection(ProjectConfigurationPlatforms) = postSolution
		{F83CC247-0F8A-48D0-81E2-546E856D04BB}.Debug|Any CPU.ActiveCfg = Debug|Any CPU
		{F83CC247-0F8A-48D0-81E2-546E856D04BB}.Debug|Any CPU.Build.0 = Debug|Any CPU
		{F83CC247-0F8A-48D0-81E2-546E856D04BB}.Release|Any CPU.ActiveCfg = Release|Any CPU
		{F83CC247-0F8A-48D0-81E2-546E856D04BB}.Release|Any CPU.Build.0 = Release|Any CPU
	EndGlobalSection
	GlobalSection(SolutionProperties) = preSolution
		HideSolutionNode = FALSE
	EndGlobalSection
	GlobalSection(ExtensibilityGlobals) = postSolution
		SolutionGuid = {82DC7DA9-A9E5-46E9-B259-1C4AD500C02F}
	EndGlobalSection
EndGlobal
